// !$*UTF8*$!
{
	archiveVersion = 1;
	classes = {
	};
	objectVersion = 50;
	objects = {

/* Begin PBXBuildFile section */
		4E6621782589EFA20034A4B4 /* Resizable_App_BarApp.swift in Sources */ = {isa = PBXBuildFile; fileRef = 4E6621772589EFA20034A4B4 /* Resizable_App_BarApp.swift */; };
		4E66217A2589EFA20034A4B4 /* ContentView.swift in Sources */ = {isa = PBXBuildFile; fileRef = 4E6621792589EFA20034A4B4 /* ContentView.swift */; };
		4E66217C2589EFA30034A4B4 /* Assets.xcassets in Resources */ = {isa = PBXBuildFile; fileRef = 4E66217B2589EFA30034A4B4 /* Assets.xcassets */; };
		4E66217F2589EFA30034A4B4 /* Preview Assets.xcassets in Resources */ = {isa = PBXBuildFile; fileRef = 4E66217E2589EFA30034A4B4 /* Preview Assets.xcassets */; };
		4E66218B2589EFBA0034A4B4 /* Home.swift in Sources */ = {isa = PBXBuildFile; fileRef = 4E66218A2589EFBA0034A4B4 /* Home.swift */; };
		4E6621932589EFFD0034A4B4 /* TabBarButton.swift in Sources */ = {isa = PBXBuildFile; fileRef = 4E6621922589EFFD0034A4B4 /* TabBarButton.swift */; };
/* End PBXBuildFile section */

/* Begin PBXFileReference section */
		4E6621742589EFA20034A4B4 /* Resizable App Bar.app */ = {isa = PBXFileReference; explicitFileType = wrapper.application; includeInIndex = 0; path = "Resizable App Bar.app"; sourceTree = BUILT_PRODUCTS_DIR; };
		4E6621772589EFA20034A4B4 /* Resizable_App_BarApp.swift */ = {isa = PBXFileReference; lastKnownFileType = sourcecode.swift; path = Resizable_App_BarApp.swift; sourceTree = "<group>"; };
		4E6621792589EFA20034A4B4 /* ContentView.swift */ = {isa = PBXFileReference; lastKnownFileType = sourcecode.swift; path = ContentView.swift; sourceTree = "<group>"; };
		4E66217B2589EFA30034A4B4 /* Assets.xcassets */ = {isa = PBXFileReference; lastKnownFileType = folder.assetcatalog; path = Assets.xcassets; sourceTree = "<group>"; };
		4E66217E2589EFA30034A4B4 /* Preview Assets.xcassets */ = {isa = PBXFileReference; lastKnownFileType = folder.assetcatalog; path = "Preview Assets.xcassets"; sourceTree = "<group>"; };
		4E6621802589EFA30034A4B4 /* Info.plist */ = {isa = PBXFileReference; lastKnownFileType = text.plist.xml; path = Info.plist; sourceTree = "<group>"; };
		4E66218A2589EFBA0034A4B4 /* Home.swift */ = {isa = PBXFileReference; lastKnownFileType = sourcecode.swift; path = Home.swift; sourceTree = "<group>"; };
		4E6621922589EFFD0034A4B4 /* TabBarButton.swift */ = {isa = PBXFileReference; lastKnownFileType = sourcecode.swift; path = TabBarButton.swift; sourceTree = "<group>"; };
/* End PBXFileReference section */

/* Begin PBXFrameworksBuildPhase section */
		4E6621712589EFA20034A4B4 /* Frameworks */ = {
			isa = PBXFrameworksBuildPhase;
			buildActionMask = 2147483647;
			files = (
			);
			runOnlyForDeploymentPostprocessing = 0;
		};
/* End PBXFrameworksBuildPhase section */

/* Begin PBXGroup section */
		4E66216B2589EFA20034A4B4 = {
			isa = PBXGroup;
			children = (
				4E6621762589EFA20034A4B4 /* Resizable App Bar */,
				4E6621752589EFA20034A4B4 /* Products */,
			);
			sourceTree = "<group>";
		};
		4E6621752589EFA20034A4B4 /* Products */ = {
			isa = PBXGroup;
			children = (
				4E6621742589EFA20034A4B4 /* Resizable App Bar.app */,
			);
			name = Products;
			sourceTree = "<group>";
		};
		4E6621762589EFA20034A4B4 /* Resizable App Bar */ = {
			isa = PBXGroup;
			children = (
				4E6621772589EFA20034A4B4 /* Resizable_App_BarApp.swift */,
				4E66218E2589EFCD0034A4B4 /* model */,
				4E66218D2589EFC70034A4B4 /* view */,
				4E6621872589EFB00034A4B4 /* scenes */,
				4E66217B2589EFA30034A4B4 /* Assets.xcassets */,
				4E6621802589EFA30034A4B4 /* Info.plist */,
				4E66217D2589EFA30034A4B4 /* Preview Content */,
			);
			path = "Resizable App Bar";
			sourceTree = "<group>";
		};
		4E66217D2589EFA30034A4B4 /* Preview Content */ = {
			isa = PBXGroup;
			children = (
				4E66217E2589EFA30034A4B4 /* Preview Assets.xcassets */,
			);
			path = "Preview Content";
			sourceTree = "<group>";
		};
		4E6621872589EFB00034A4B4 /* scenes */ = {
			isa = PBXGroup;
			children = (
				4E6621792589EFA20034A4B4 /* ContentView.swift */,
				4E66218A2589EFBA0034A4B4 /* Home.swift */,
			);
			path = scenes;
			sourceTree = "<group>";
		};
		4E66218D2589EFC70034A4B4 /* view */ = {
			isa = PBXGroup;
			children = (
				4E6621922589EFFD0034A4B4 /* TabBarButton.swift */,
			);
			path = view;
			sourceTree = "<group>";
		};
		4E66218E2589EFCD0034A4B4 /* model */ = {
			isa = PBXGroup;
			children = (
			);
			path = model;
			sourceTree = "<group>";
		};
/* End PBXGroup section */

/* Begin PBXNativeTarget section */
		4E6621732589EFA20034A4B4 /* Resizable App Bar */ = {
			isa = PBXNativeTarget;
			buildConfigurationList = 4E6621832589EFA30034A4B4 /* Build configuration list for PBXNativeTarget "Resizable App Bar" */;
			buildPhases = (
				4E6621702589EFA20034A4B4 /* Sources */,
				4E6621712589EFA20034A4B4 /* Frameworks */,
				4E6621722589EFA20034A4B4 /* Resources */,
			);
			buildRules = (
			);
			dependencies = (
			);
			name = "Resizable App Bar";
			productName = "Resizable App Bar";
			productReference = 4E6621742589EFA20034A4B4 /* Resizable App Bar.app */;
			productType = "com.apple.product-type.application";
		};
/* End PBXNativeTarget section */

/* Begin PBXProject section */
		4E66216C2589EFA20034A4B4 /* Project object */ = {
			isa = PBXProject;
			attributes = {
				LastSwiftUpdateCheck = 1220;
				LastUpgradeCheck = 1220;
				TargetAttributes = {
					4E6621732589EFA20034A4B4 = {
						CreatedOnToolsVersion = 12.2;
					};
				};
			};
			buildConfigurationList = 4E66216F2589EFA20034A4B4 /* Build configuration list for PBXProject "Resizable App Bar" */;
			compatibilityVersion = "Xcode 9.3";
			developmentRegion = en;
			hasScannedForEncodings = 0;
			knownRegions = (
				en,
				Base,
			);
			mainGroup = 4E66216B2589EFA20034A4B4;
			productRefGroup = 4E6621752589EFA20034A4B4 /* Products */;
			projectDirPath = "";
			projectRoot = "";
			targets = (
				4E6621732589EFA20034A4B4 /* Resizable App Bar */,
			);
		};
/* End PBXProject section */

/* Begin PBXResourcesBuildPhase section */
		4E6621722589EFA20034A4B4 /* Resources */ = {
			isa = PBXResourcesBuildPhase;
			buildActionMask = 2147483647;
			files = (
				4E66217F2589EFA30034A4B4 /* Preview Assets.xcassets in Resources */,
				4E66217C2589EFA30034A4B4 /* Assets.xcassets in Resources */,
			);
			runOnlyForDeploymentPostprocessing = 0;
		};
/* End PBXResourcesBuildPhase section */

/* Begin PBXSourcesBuildPhase section */
		4E6621702589EFA20034A4B4 /* Sources */ = {
			isa = PBXSourcesBuildPhase;
			buildActionMask = 2147483647;
			files = (
				4E66217A2589EFA20034A4B4 /* ContentView.swift in Sources */,
				4E6621932589EFFD0034A4B4 /* TabBarButton.swift in Sources */,
				4E66218B2589EFBA0034A4B4 /* Home.swift in Sources */,
				4E6621782589EFA20034A4B4 /* Resizable_App_BarApp.swift in Sources */,
			);
			runOnlyForDeploymentPostprocessing = 0;
		};
/* End PBXSourcesBuildPhase section */

/* Begin XCBuildConfiguration section */
		4E6621812589EFA30034A4B4 /* Debug */ = {
			isa = XCBuildConfiguration;
			buildSettings = {
				ALWAYS_SEARCH_USER_PATHS = NO;
				CLANG_ANALYZER_NONNULL = YES;
				CLANG_ANALYZER_NUMBER_OBJECT_CONVERSION = YES_AGGRESSIVE;
				CLANG_CXX_LANGUAGE_STANDARD = "gnu++14";
				CLANG_CXX_LIBRARY = "libc++";
				CLANG_ENABLE_MODULES = YES;
				CLANG_ENABLE_OBJC_ARC = YES;
				CLANG_ENABLE_OBJC_WEAK = YES;
				CLANG_WARN_BLOCK_CAPTURE_AUTORELEASING = YES;
				CLANG_WARN_BOOL_CONVERSION = YES;
				CLANG_WARN_COMMA = YES;
				CLANG_WARN_CONSTANT_CONVERSION = YES;
				CLANG_WARN_DEPRECATED_OBJC_IMPLEMENTATIONS = YES;
				CLANG_WARN_DIRECT_OBJC_ISA_USAGE = YES_ERROR;
				CLANG_WARN_DOCUMENTATION_COMMENTS = YES;
				CLANG_WARN_EMPTY_BODY = YES;
				CLANG_WARN_ENUM_CONVERSION = YES;
				CLANG_WARN_INFINITE_RECURSION = YES;
				CLANG_WARN_INT_CONVERSION = YES;
				CLANG_WARN_NON_LITERAL_NULL_CONVERSION = YES;
				CLANG_WARN_OBJC_IMPLICIT_RETAIN_SELF = YES;
				CLANG_WARN_OBJC_LITERAL_CONVERSION = YES;
				CLANG_WARN_OBJC_ROOT_CLASS = YES_ERROR;
				CLANG_WARN_QUOTED_INCLUDE_IN_FRAMEWORK_HEADER = YES;
				CLANG_WARN_RANGE_LOOP_ANALYSIS = YES;
				CLANG_WARN_STRICT_PROTOTYPES = YES;
				CLANG_WARN_SUSPICIOUS_MOVE = YES;
				CLANG_WARN_UNGUARDED_AVAILABILITY = YES_AGGRESSIVE;
				CLANG_WARN_UNREACHABLE_CODE = YES;
				CLANG_WARN__DUPLICATE_METHOD_MATCH = YES;
				COPY_PHASE_STRIP = NO;
				DEBUG_INFORMATION_FORMAT = dwarf;
				ENABLE_STRICT_OBJC_MSGSEND = YES;
				ENABLE_TESTABILITY = YES;
				GCC_C_LANGUAGE_STANDARD = gnu11;
				GCC_DYNAMIC_NO_PIC = NO;
				GCC_NO_COMMON_BLOCKS = YES;
				GCC_OPTIMIZATION_LEVEL = 0;
				GCC_PREPROCESSOR_DEFINITIONS = (
					"DEBUG=1",
					"$(inherited)",
				);
				GCC_WARN_64_TO_32_BIT_CONVERSION = YES;
				GCC_WARN_ABOUT_RETURN_TYPE = YES_ERROR;
				GCC_WARN_UNDECLARED_SELECTOR = YES;
				GCC_WARN_UNINITIALIZED_AUTOS = YES_AGGRESSIVE;
				GCC_WARN_UNUSED_FUNCTION = YES;
				GCC_WARN_UNUSED_VARIABLE = YES;
				IPHONEOS_DEPLOYMENT_TARGET = 14.2;
				MTL_ENABLE_DEBUG_INFO = INCLUDE_SOURCE;
				MTL_FAST_MATH = YES;
				ONLY_ACTIVE_ARCH = YES;
				SDKROOT = iphoneos;
				SWIFT_ACTIVE_COMPILATION_CONDITIONS = DEBUG;
				SWIFT_OPTIMIZATION_LEVEL = "-Onone";
			};
			name = Debug;
		};
		4E6621822589EFA30034A4B4 /* Release */ = {
			isa = XCBuildConfiguration;
			buildSettings = {
				ALWAYS_SEARCH_USER_PATHS = NO;
				CLANG_ANALYZER_NONNULL = YES;
				CLANG_ANALYZER_NUMBER_OBJECT_CONVERSION = YES_AGGRESSIVE;
				CLANG_CXX_LANGUAGE_STANDARD = "gnu++14";
				CLANG_CXX_LIBRARY = "libc++";
				CLANG_ENABLE_MODULES = YES;
				CLANG_ENABLE_OBJC_ARC = YES;
				CLANG_ENABLE_OBJC_WEAK = YES;
				CLANG_WARN_BLOCK_CAPTURE_AUTORELEASING = YES;
				CLANG_WARN_BOOL_CONVERSION = YES;
				CLANG_WARN_COMMA = YES;
				CLANG_WARN_CONSTANT_CONVERSION = YES;
				CLANG_WARN_DEPRECATED_OBJC_IMPLEMENTATIONS = YES;
				CLANG_WARN_DIRECT_OBJC_ISA_USAGE = YES_ERROR;
				CLANG_WARN_DOCUMENTATION_COMMENTS = YES;
				CLANG_WARN_EMPTY_BODY = YES;
				CLANG_WARN_ENUM_CONVERSION = YES;
				CLANG_WARN_INFINITE_RECURSION = YES;
				CLANG_WARN_INT_CONVERSION = YES;
				CLANG_WARN_NON_LITERAL_NULL_CONVERSION = YES;
				CLANG_WARN_OBJC_IMPLICIT_RETAIN_SELF = YES;
				CLANG_WARN_OBJC_LITERAL_CONVERSION = YES;
				CLANG_WARN_OBJC_ROOT_CLASS = YES_ERROR;
				CLANG_WARN_QUOTED_INCLUDE_IN_FRAMEWORK_HEADER = YES;
				CLANG_WARN_RANGE_LOOP_ANALYSIS = YES;
				CLANG_WARN_STRICT_PROTOTYPES = YES;
				CLANG_WARN_SUSPICIOUS_MOVE = YES;
				CLANG_WARN_UNGUARDED_AVAILABILITY = YES_AGGRESSIVE;
				CLANG_WARN_UNREACHABLE_CODE = YES;
				CLANG_WARN__DUPLICATE_METHOD_MATCH = YES;
				COPY_PHASE_STRIP = NO;
				DEBUG_INFORMATION_FORMAT = "dwarf-with-dsym";
				ENABLE_NS_ASSERTIONS = NO;
				ENABLE_STRICT_OBJC_MSGSEND = YES;
				GCC_C_LANGUAGE_STANDARD = gnu11;
				GCC_NO_COMMON_BLOCKS = YES;
				GCC_WARN_64_TO_32_BIT_CONVERSION = YES;
				GCC_WARN_ABOUT_RETURN_TYPE = YES_ERROR;
				GCC_WARN_UNDECLARED_SELECTOR = YES;
				GCC_WARN_UNINITIALIZED_AUTOS = YES_AGGRESSIVE;
				GCC_WARN_UNUSED_FUNCTION = YES;
				GCC_WARN_UNUSED_VARIABLE = YES;
				IPHONEOS_DEPLOYMENT_TARGET = 14.2;
				MTL_ENABLE_DEBUG_INFO = NO;
				MTL_FAST_MATH = YES;
				SDKROOT = iphoneos;
				SWIFT_COMPILATION_MODE = wholemodule;
				SWIFT_OPTIMIZATION_LEVEL = "-O";
				VALIDATE_PRODUCT = YES;
			};
			name = Release;
		};
		4E6621842589EFA30034A4B4 /* Debug */ = {
			isa = XCBuildConfiguration;
			buildSettings = {
				ASSETCATALOG_COMPILER_APPICON_NAME = AppIcon;
				ASSETCATALOG_COMPILER_GLOBAL_ACCENT_COLOR_NAME = AccentColor;
				CODE_SIGN_STYLE = Automatic;
				DEVELOPMENT_ASSET_PATHS = "\"Resizable App Bar/Preview Content\"";
				DEVELOPMENT_TEAM = 5RTZJMVRS2;
				ENABLE_PREVIEWS = YES;
				INFOPLIST_FILE = "Resizable App Bar/Info.plist";
				IPHONEOS_DEPLOYMENT_TARGET = 14.0;
				LD_RUNPATH_SEARCH_PATHS = (
					"$(inherited)",
					"@executable_path/Frameworks",
				);
				PRODUCT_BUNDLE_IDENTIFIER = "com.hosam.net.Resizable-App-Bar";
				PRODUCT_NAME = "$(TARGET_NAME)";
				SWIFT_VERSION = 5.0;
				TARGETED_DEVICE_FAMILY = "1,2";
			};
			name = Debug;
		};
		4E6621852589EFA30034A4B4 /* Release */ = {
			isa = XCBuildConfiguration;
			buildSettings = {
				ASSETCATALOG_COMPILER_APPICON_NAME = AppIcon;
				ASSETCATALOG_COMPILER_GLOBAL_ACCENT_COLOR_NAME = AccentColor;
				CODE_SIGN_STYLE = Automatic;
				DEVELOPMENT_ASSET_PATHS = "\"Resizable App Bar/Preview Content\"";
				DEVELOPMENT_TEAM = 5RTZJMVRS2;
				ENABLE_PREVIEWS = YES;
				INFOPLIST_FILE = "Resizable App Bar/Info.plist";
				IPHONEOS_DEPLOYMENT_TARGET = 14.0;
				LD_RUNPATH_SEARCH_PATHS = (
					"$(inherited)",
					"@executable_path/Frameworks",
				);
				PRODUCT_BUNDLE_IDENTIFIER = "com.hosam.net.Resizable-App-Bar";
				PRODUCT_NAME = "$(TARGET_NAME)";
				SWIFT_VERSION = 5.0;
				TARGETED_DEVICE_FAMILY = "1,2";
			};
			name = Release;
		};
/* End XCBuildConfiguration section */

/* Begin XCConfigurationList section */
		4E66216F2589EFA20034A4B4 /* Build configuration list for PBXProject "Resizable App Bar" */ = {
			isa = XCConfigurationList;
			buildConfigurations = (
				4E6621812589EFA30034A4B4 /* Debug */,
				4E6621822589EFA30034A4B4 /* Release */,
			);
			defaultConfigurationIsVisible = 0;
			defaultConfigurationName = Release;
		};
		4E6621832589EFA30034A4B4 /* Build configuration list for PBXNativeTarget "Resizable App Bar" */ = {
			isa = XCConfigurationList;
			buildConfigurations = (
				4E6621842589EFA30034A4B4 /* Debug */,
				4E6621852589EFA30034A4B4 /* Release */,
			);
			defaultConfigurationIsVisible = 0;
			defaultConfigurationName = Release;
		};
/* End XCConfigurationList section */
	};
	rootObject = 4E66216C2589EFA20034A4B4 /* Project object */;
}
